
Microsoft Visual Studio Solution File, Format Version 12.00
# Visual Studio Version 16
VisualStudioVersion = 16.0.29424.173
MinimumVisualStudioVersion = 10.0.40219.1
Project("{9A19103F-16F7-4668-BE54-9A1E7A4F7556}") = "D-STARA", "D-STARA.csproj", "{18AC8E71-B09B-42AC-9662-69631CE4AC38}"
EndProject
Project("{9A19103F-16F7-4668-BE54-9A1E7A4F7556}") = "StaraDomainModels", "..\StaraDomainModels\StaraDomainModels.csproj", "{706BD6C6-86E2-452F-9850-83CB21B09FC2}"
EndProject
Project("{FAE04EC0-301F-11D3-BF4B-00C04F79EFBC}") = "StaraWebAPI", "..\StaraWebAPI\StaraWebAPI.csproj", "{7CAB2168-8C73-48C0-9331-595413721CE6}"
EndProject
Global
	GlobalSection(SolutionConfigurationPlatforms) = preSolution
		Debug|Any CPU = Debug|Any CPU
		Release|Any CPU = Release|Any CPU
	EndGlobalSection
	GlobalSection(ProjectConfigurationPlatforms) = postSolution
		{18AC8E71-B09B-42AC-9662-69631CE4AC38}.Debug|Any CPU.ActiveCfg = Debug|Any CPU
		{18AC8E71-B09B-42AC-9662-69631CE4AC38}.Debug|Any CPU.Build.0 = Debug|Any CPU
		{18AC8E71-B09B-42AC-9662-69631CE4AC38}.Release|Any CPU.ActiveCfg = Release|Any CPU
		{18AC8E71-B09B-42AC-9662-69631CE4AC38}.Release|Any CPU.Build.0 = Release|Any CPU
		{706BD6C6-86E2-452F-9850-83CB21B09FC2}.Debug|Any CPU.ActiveCfg = Debug|Any CPU
		{706BD6C6-86E2-452F-9850-83CB21B09FC2}.Debug|Any CPU.Build.0 = Debug|Any CPU
		{706BD6C6-86E2-452F-9850-83CB21B09FC2}.Release|Any CPU.ActiveCfg = Release|Any CPU
		{706BD6C6-86E2-452F-9850-83CB21B09FC2}.Release|Any CPU.Build.0 = Release|Any CPU
		{7CAB2168-8C73-48C0-9331-595413721CE6}.Debug|Any CPU.ActiveCfg = Debug|Any CPU
		{7CAB2168-8C73-48C0-9331-595413721CE6}.Debug|Any CPU.Build.0 = Debug|Any CPU
		{7CAB2168-8C73-48C0-9331-595413721CE6}.Release|Any CPU.ActiveCfg = Release|Any CPU
		{7CAB2168-8C73-48C0-9331-595413721CE6}.Release|Any CPU.Build.0 = Release|Any CPU
	EndGlobalSection
	GlobalSection(SolutionProperties) = preSolution
		HideSolutionNode = FALSE
	EndGlobalSection
	GlobalSection(ExtensibilityGlobals) = postSolution
		SolutionGuid = {879AF860-1A6E-4EC9-9E1C-5F68194A9694}
	EndGlobalSection
EndGlobal
